{
  "name": "cloudflare-gateway-pihole-scripts",
  "lockfileVersion": 3,
  "requires": true,
  "packages": {
    "": {
      "dependencies": {
        "dotenv": "18.0.5"
      },
      "engines": {
        "node": "24.18.1"
      }
    },
    "node_modules/dotenv": {
      "version": "18.0.5",
      "resolved": "https://registry.npmjs.org/dotenv/-/dotenv-18.0.5.tgz",
      "integrity": "sha512-aBrGvt6KhjxbEnatqMWOMidftwsrCiCvqh1yNIGB9QyF0J+VcWkKDMsvYOEm7ZS82oiV+BT1sTOtIlAmUlTpwQ==",
      "license": "BSD-2-Clause",
      "bin": {
        "dotenv": "dist/index.cjs"
      },
      "engines": {
        "node": ">=12"
      },
      "funding": {
        "url": "https://dotenvx.com"
      }
    }
  }
}
